
Microsoft Visual Studio Solution File, Format Version 12.00
# Visual Studio Version 17
VisualStudioVersion = 17.2.32616.157
MinimumVisualStudioVersion = 10.0.40219.1
Project("{FAE04EC0-301F-11D3-BF4B-00C04F79EFBC}") = "api-demo-Csharp", "api-demo-Csharp.csproj", "{8E08456E-4102-4B4F-ADDE-5A7E17A0A67A}"
EndProject
Project("{FAE04EC0-301F-11D3-BF4B-00C04F79EFBC}") = "DemoLibrary", "..\DemoLibrary\DemoLibrary.csproj", "{F2430772-2D0E-4D0A-A175-6AE7C0A2F6B9}"
EndProject
Global
	GlobalSection(SolutionConfigurationPlatforms) = preSolution
		Debug|Any CPU = Debug|Any CPU
		Release|Any CPU = Release|Any CPU
	EndGlobalSection
	GlobalSection(ProjectConfigurationPlatforms) = postSolution
		{8E08456E-4102-4B4F-ADDE-5A7E17A0A67A}.Debug|Any CPU.ActiveCfg = Debug|Any CPU
		{8E08456E-4102-4B4F-ADDE-5A7E17A0A67A}.Debug|Any CPU.Build.0 = Debug|Any CPU
		{8E08456E-4102-4B4F-ADDE-5A7E17A0A67A}.Release|Any CPU.ActiveCfg = Release|Any CPU
		{8E08456E-4102-4B4F-ADDE-5A7E17A0A67A}.Release|Any CPU.Build.0 = Release|Any CPU
		{F2430772-2D0E-4D0A-A175-6AE7C0A2F6B9}.Debug|Any CPU.ActiveCfg = Debug|Any CPU
		{F2430772-2D0E-4D0A-A175-6AE7C0A2F6B9}.Debug|Any CPU.Build.0 = Debug|Any CPU
		{F2430772-2D0E-4D0A-A175-6AE7C0A2F6B9}.Release|Any CPU.ActiveCfg = Release|Any CPU
		{F2430772-2D0E-4D0A-A175-6AE7C0A2F6B9}.Release|Any CPU.Build.0 = Release|Any CPU
	EndGlobalSection
	GlobalSection(SolutionProperties) = preSolution
		HideSolutionNode = FALSE
	EndGlobalSection
	GlobalSection(ExtensibilityGlobals) = postSolution
		SolutionGuid = {44B31DF4-07FF-4884-A1DD-B974950A4EE6}
	EndGlobalSection
EndGlobal
